// !$*UTF8*$!
{
	archiveVersion = 1;
	classes = {
	};
	objectVersion = 51;
	objects = {

/* Begin PBXBuildFile section */
		05A5311ECFBF18748FB06EE1 /* Pods_CloudCards.framework in Frameworks */ = {isa = PBXBuildFile; fileRef = C9CF9EAA633DECD2CC0612A9 /* Pods_CloudCards.framework */; };
		E7062D65250505F4006723EB /* ShareViewController.swift in Sources */ = {isa = PBXBuildFile; fileRef = E7062D64250505F4006723EB /* ShareViewController.swift */; };
		E7062D68250505F4006723EB /* MainInterface.storyboard in Resources */ = {isa = PBXBuildFile; fileRef = E7062D66250505F4006723EB /* MainInterface.storyboard */; };
		E7062D6C250505F4006723EB /* Share.appex in Embed App Extensions */ = {isa = PBXBuildFile; fileRef = E7062D62250505F4006723EB /* Share.appex */; settings = {ATTRIBUTES = (RemoveHeadersOnCopy, ); }; };
		E7062D722508C913006723EB /* DatabaseUtils.swift in Sources */ = {isa = PBXBuildFile; fileRef = E7062D712508C913006723EB /* DatabaseUtils.swift */; };
		E714B25424705D5000BB3F05 /* AppDelegate.swift in Sources */ = {isa = PBXBuildFile; fileRef = E714B25324705D5000BB3F05 /* AppDelegate.swift */; };
		E714B25624705D5000BB3F05 /* SceneDelegate.swift in Sources */ = {isa = PBXBuildFile; fileRef = E714B25524705D5000BB3F05 /* SceneDelegate.swift */; };
		E714B25A24705D5000BB3F05 /* CameraController.swift in Sources */ = {isa = PBXBuildFile; fileRef = E714B25924705D5000BB3F05 /* CameraController.swift */; };
		E714B25D24705D5000BB3F05 /* Main.storyboard in Resources */ = {isa = PBXBuildFile; fileRef = E714B25B24705D5000BB3F05 /* Main.storyboard */; };
		E714B25F24705D5200BB3F05 /* Assets.xcassets in Resources */ = {isa = PBXBuildFile; fileRef = E714B25E24705D5200BB3F05 /* Assets.xcassets */; };
		E714B26224705D5200BB3F05 /* LaunchScreen.storyboard in Resources */ = {isa = PBXBuildFile; fileRef = E714B26024705D5200BB3F05 /* LaunchScreen.storyboard */; };
		E71728212526222E00704371 /* JsonUtils.swift in Sources */ = {isa = PBXBuildFile; fileRef = E71728202526222E00704371 /* JsonUtils.swift */; };
		E71D726E24841A3200174B24 /* QRController.swift in Sources */ = {isa = PBXBuildFile; fileRef = E71D726D24841A3200174B24 /* QRController.swift */; };
		E734F6F224D3F45A008EC9D9 /* ProgramUtils.swift in Sources */ = {isa = PBXBuildFile; fileRef = E734F6F124D3F45A008EC9D9 /* ProgramUtils.swift */; };
		E734F6F424D40069008EC9D9 /* TableUtils.swift in Sources */ = {isa = PBXBuildFile; fileRef = E734F6F324D40069008EC9D9 /* TableUtils.swift */; };
		E737940224C5C73400440FF4 /* TemplatesController.swift in Sources */ = {isa = PBXBuildFile; fileRef = E737940124C5C73400440FF4 /* TemplatesController.swift */; };
		E737940424CD6DA400440FF4 /* UIColor.swift in Sources */ = {isa = PBXBuildFile; fileRef = E737940324CD6DA400440FF4 /* UIColor.swift */; };
		E737940624CFF24000440FF4 /* CardViewController.swift in Sources */ = {isa = PBXBuildFile; fileRef = E737940524CFF24000440FF4 /* CardViewController.swift */; };
		E746AC55248BE8B000F611B8 /* SettingsController.swift in Sources */ = {isa = PBXBuildFile; fileRef = E746AC54248BE8B000F611B8 /* SettingsController.swift */; };
		E74A48432471560C0004B5B5 /* User.swift in Sources */ = {isa = PBXBuildFile; fileRef = E74A48422471560C0004B5B5 /* User.swift */; };
		E74A4845247158E50004B5B5 /* Card.swift in Sources */ = {isa = PBXBuildFile; fileRef = E74A4844247158E50004B5B5 /* Card.swift */; };
		E74A4848247159B50004B5B5 /* DataItem.swift in Sources */ = {isa = PBXBuildFile; fileRef = E74A4847247159B50004B5B5 /* DataItem.swift */; };
		E74A48502471707C0004B5B5 /* ProfileController.swift in Sources */ = {isa = PBXBuildFile; fileRef = E74A484F2471707C0004B5B5 /* ProfileController.swift */; };
		E760A2702482D3D500009919 /* NavigationController.swift in Sources */ = {isa = PBXBuildFile; fileRef = E760A26F2482D3D500009919 /* NavigationController.swift */; };
		E786836B2488E77000844DD4 /* EditProfileController.swift in Sources */ = {isa = PBXBuildFile; fileRef = E786836A2488E77000844DD4 /* EditProfileController.swift */; };
		E78B37212528EAA40001C3B9 /* TextConstants.swift in Sources */ = {isa = PBXBuildFile; fileRef = E78B37202528EAA40001C3B9 /* TextConstants.swift */; };
		E7A8275B24D171F00024F414 /* ContactsController.swift in Sources */ = {isa = PBXBuildFile; fileRef = E7A8275A24D171F00024F414 /* ContactsController.swift */; };
		E7DA719624C31A19009DD08E /* UserBoolean.swift in Sources */ = {isa = PBXBuildFile; fileRef = E7DA719524C31A19009DD08E /* UserBoolean.swift */; };
		E7DDDC1524826BDC00E8F462 /* DataUtils.swift in Sources */ = {isa = PBXBuildFile; fileRef = E7DDDC1424826BDC00E8F462 /* DataUtils.swift */; };
		E7E00F19252763EB003A7D15 /* ColorConstants.swift in Sources */ = {isa = PBXBuildFile; fileRef = E7E00F18252763EB003A7D15 /* ColorConstants.swift */; };
		E7E4E637248BA19C00C6E2A0 /* SelectDataController.swift in Sources */ = {isa = PBXBuildFile; fileRef = E7E4E636248BA19C00C6E2A0 /* SelectDataController.swift */; };
		E7EB2859253F0BC20004D4E7 /* FirestoreInstance.swift in Sources */ = {isa = PBXBuildFile; fileRef = E7EB2858253F0BC20004D4E7 /* FirestoreInstance.swift */; };
		E7EB285F253F0FE60004D4E7 /* RealmInstance.swift in Sources */ = {isa = PBXBuildFile; fileRef = E7EB285E253F0FE60004D4E7 /* RealmInstance.swift */; };
		E7F2D445253D867200C38227 /* Reachability.swift in Sources */ = {isa = PBXBuildFile; fileRef = E7F2D444253D867200C38227 /* Reachability.swift */; };
		E7F2D449253D8ABD00C38227 /* String.swift in Sources */ = {isa = PBXBuildFile; fileRef = E7F2D448253D8ABD00C38227 /* String.swift */; };
		E7F6B97C2544365400224115 /* GoogleService-Info.plist in Resources */ = {isa = PBXBuildFile; fileRef = E7F6B97B2544365400224115 /* GoogleService-Info.plist */; };
		E7F8E5E424A38A1E00738AB5 /* CardsController.swift in Sources */ = {isa = PBXBuildFile; fileRef = E7F8E5E324A38A1E00738AB5 /* CardsController.swift */; };
/* End PBXBuildFile section */

/* Begin PBXContainerItemProxy section */
		E7062D6A250505F4006723EB /* PBXContainerItemProxy */ = {
			isa = PBXContainerItemProxy;
			containerPortal = E714B24824705D5000BB3F05 /* Project object */;
			proxyType = 1;
			remoteGlobalIDString = E7062D61250505F4006723EB;
			remoteInfo = Share;
		};
/* End PBXContainerItemProxy section */

/* Begin PBXCopyFilesBuildPhase section */
		E7643BD724DD499C00136425 /* Embed App Extensions */ = {
			isa = PBXCopyFilesBuildPhase;
			buildActionMask = 2147483647;
			dstPath = "";
			dstSubfolderSpec = 13;
			files = (
				E7062D6C250505F4006723EB /* Share.appex in Embed App Extensions */,
			);
			name = "Embed App Extensions";
			runOnlyForDeploymentPostprocessing = 0;
		};
/* End PBXCopyFilesBuildPhase section */

/* Begin PBXFileReference section */
		9DEEF9B86BD1CBE05383F509 /* Pods-CloudCards.debug.xcconfig */ = {isa = PBXFileReference; includeInIndex = 1; lastKnownFileType = text.xcconfig; name = "Pods-CloudCards.debug.xcconfig"; path = "Target Support Files/Pods-CloudCards/Pods-CloudCards.debug.xcconfig"; sourceTree = "<group>"; };
		C1F318E78F284D8512BE144D /* Pods-CloudCards.release.xcconfig */ = {isa = PBXFileReference; includeInIndex = 1; lastKnownFileType = text.xcconfig; name = "Pods-CloudCards.release.xcconfig"; path = "Target Support Files/Pods-CloudCards/Pods-CloudCards.release.xcconfig"; sourceTree = "<group>"; };
		C9CF9EAA633DECD2CC0612A9 /* Pods_CloudCards.framework */ = {isa = PBXFileReference; explicitFileType = wrapper.framework; includeInIndex = 0; path = Pods_CloudCards.framework; sourceTree = BUILT_PRODUCTS_DIR; };
		E7062D4A24F687F2006723EB /* CloudCards.entitlements */ = {isa = PBXFileReference; lastKnownFileType = text.plist.entitlements; path = CloudCards.entitlements; sourceTree = "<group>"; };
		E7062D62250505F4006723EB /* Share.appex */ = {isa = PBXFileReference; explicitFileType = "wrapper.app-extension"; includeInIndex = 0; path = Share.appex; sourceTree = BUILT_PRODUCTS_DIR; };
		E7062D64250505F4006723EB /* ShareViewController.swift */ = {isa = PBXFileReference; lastKnownFileType = sourcecode.swift; path = ShareViewController.swift; sourceTree = "<group>"; };
		E7062D67250505F4006723EB /* Base */ = {isa = PBXFileReference; lastKnownFileType = file.storyboard; name = Base; path = Base.lproj/MainInterface.storyboard; sourceTree = "<group>"; };
		E7062D69250505F4006723EB /* Info.plist */ = {isa = PBXFileReference; lastKnownFileType = text.plist.xml; path = Info.plist; sourceTree = "<group>"; };
		E7062D70250505FA006723EB /* Share.entitlements */ = {isa = PBXFileReference; lastKnownFileType = text.plist.entitlements; path = Share.entitlements; sourceTree = "<group>"; };
		E7062D712508C913006723EB /* DatabaseUtils.swift */ = {isa = PBXFileReference; lastKnownFileType = sourcecode.swift; path = DatabaseUtils.swift; sourceTree = "<group>"; };
		E714B25024705D5000BB3F05 /* CloudCards.app */ = {isa = PBXFileReference; explicitFileType = wrapper.application; includeInIndex = 0; path = CloudCards.app; sourceTree = BUILT_PRODUCTS_DIR; };
		E714B25324705D5000BB3F05 /* AppDelegate.swift */ = {isa = PBXFileReference; lastKnownFileType = sourcecode.swift; path = AppDelegate.swift; sourceTree = "<group>"; };
		E714B25524705D5000BB3F05 /* SceneDelegate.swift */ = {isa = PBXFileReference; lastKnownFileType = sourcecode.swift; path = SceneDelegate.swift; sourceTree = "<group>"; };
		E714B25924705D5000BB3F05 /* CameraController.swift */ = {isa = PBXFileReference; lastKnownFileType = sourcecode.swift; path = CameraController.swift; sourceTree = "<group>"; };
		E714B25C24705D5000BB3F05 /* Base */ = {isa = PBXFileReference; lastKnownFileType = file.storyboard; name = Base; path = Base.lproj/Main.storyboard; sourceTree = "<group>"; };
		E714B25E24705D5200BB3F05 /* Assets.xcassets */ = {isa = PBXFileReference; lastKnownFileType = folder.assetcatalog; path = Assets.xcassets; sourceTree = "<group>"; };
		E714B26124705D5200BB3F05 /* Base */ = {isa = PBXFileReference; lastKnownFileType = file.storyboard; name = Base; path = Base.lproj/LaunchScreen.storyboard; sourceTree = "<group>"; };
		E714B26324705D5200BB3F05 /* Info.plist */ = {isa = PBXFileReference; lastKnownFileType = text.plist.xml; path = Info.plist; sourceTree = "<group>"; };
		E71728202526222E00704371 /* JsonUtils.swift */ = {isa = PBXFileReference; lastKnownFileType = sourcecode.swift; path = JsonUtils.swift; sourceTree = "<group>"; };
		E71D726D24841A3200174B24 /* QRController.swift */ = {isa = PBXFileReference; lastKnownFileType = sourcecode.swift; path = QRController.swift; sourceTree = "<group>"; };
		E734F6F124D3F45A008EC9D9 /* ProgramUtils.swift */ = {isa = PBXFileReference; lastKnownFileType = sourcecode.swift; path = ProgramUtils.swift; sourceTree = "<group>"; };
		E734F6F324D40069008EC9D9 /* TableUtils.swift */ = {isa = PBXFileReference; lastKnownFileType = sourcecode.swift; path = TableUtils.swift; sourceTree = "<group>"; };
		E737940124C5C73400440FF4 /* TemplatesController.swift */ = {isa = PBXFileReference; lastKnownFileType = sourcecode.swift; path = TemplatesController.swift; sourceTree = "<group>"; };
		E737940324CD6DA400440FF4 /* UIColor.swift */ = {isa = PBXFileReference; lastKnownFileType = sourcecode.swift; path = UIColor.swift; sourceTree = "<group>"; };
		E737940524CFF24000440FF4 /* CardViewController.swift */ = {isa = PBXFileReference; lastKnownFileType = sourcecode.swift; path = CardViewController.swift; sourceTree = "<group>"; };
		E746AC54248BE8B000F611B8 /* SettingsController.swift */ = {isa = PBXFileReference; lastKnownFileType = sourcecode.swift; path = SettingsController.swift; sourceTree = "<group>"; };
		E74A48422471560C0004B5B5 /* User.swift */ = {isa = PBXFileReference; lastKnownFileType = sourcecode.swift; path = User.swift; sourceTree = "<group>"; };
		E74A4844247158E50004B5B5 /* Card.swift */ = {isa = PBXFileReference; lastKnownFileType = sourcecode.swift; path = Card.swift; sourceTree = "<group>"; };
		E74A4847247159B50004B5B5 /* DataItem.swift */ = {isa = PBXFileReference; lastKnownFileType = sourcecode.swift; path = DataItem.swift; sourceTree = "<group>"; };
		E74A484F2471707C0004B5B5 /* ProfileController.swift */ = {isa = PBXFileReference; lastKnownFileType = sourcecode.swift; path = ProfileController.swift; sourceTree = "<group>"; };
		E760A26F2482D3D500009919 /* NavigationController.swift */ = {isa = PBXFileReference; lastKnownFileType = sourcecode.swift; path = NavigationController.swift; sourceTree = "<group>"; };
		E786836A2488E77000844DD4 /* EditProfileController.swift */ = {isa = PBXFileReference; lastKnownFileType = sourcecode.swift; path = EditProfileController.swift; sourceTree = "<group>"; };
		E78B37202528EAA40001C3B9 /* TextConstants.swift */ = {isa = PBXFileReference; lastKnownFileType = sourcecode.swift; path = TextConstants.swift; sourceTree = "<group>"; };
		E7A8275A24D171F00024F414 /* ContactsController.swift */ = {isa = PBXFileReference; lastKnownFileType = sourcecode.swift; path = ContactsController.swift; sourceTree = "<group>"; };
		E7DA719524C31A19009DD08E /* UserBoolean.swift */ = {isa = PBXFileReference; lastKnownFileType = sourcecode.swift; path = UserBoolean.swift; sourceTree = "<group>"; };
		E7DDDC1424826BDC00E8F462 /* DataUtils.swift */ = {isa = PBXFileReference; lastKnownFileType = sourcecode.swift; path = DataUtils.swift; sourceTree = "<group>"; };
		E7E00F18252763EB003A7D15 /* ColorConstants.swift */ = {isa = PBXFileReference; lastKnownFileType = sourcecode.swift; path = ColorConstants.swift; sourceTree = "<group>"; };
		E7E4E636248BA19C00C6E2A0 /* SelectDataController.swift */ = {isa = PBXFileReference; lastKnownFileType = sourcecode.swift; path = SelectDataController.swift; sourceTree = "<group>"; };
		E7EB2858253F0BC20004D4E7 /* FirestoreInstance.swift */ = {isa = PBXFileReference; lastKnownFileType = sourcecode.swift; path = FirestoreInstance.swift; sourceTree = "<group>"; };
		E7EB285E253F0FE60004D4E7 /* RealmInstance.swift */ = {isa = PBXFileReference; lastKnownFileType = sourcecode.swift; path = RealmInstance.swift; sourceTree = "<group>"; };
		E7F1F47F24E2A6DF00FECF65 /* CoreMotion.framework */ = {isa = PBXFileReference; lastKnownFileType = wrapper.framework; name = CoreMotion.framework; path = System/Library/Frameworks/CoreMotion.framework; sourceTree = SDKROOT; };
		E7F1F48124E2A6E500FECF65 /* CoreMedia.framework */ = {isa = PBXFileReference; lastKnownFileType = wrapper.framework; name = CoreMedia.framework; path = System/Library/Frameworks/CoreMedia.framework; sourceTree = SDKROOT; };
		E7F1F48324E2A6F000FECF65 /* AVFoundation.framework */ = {isa = PBXFileReference; lastKnownFileType = wrapper.framework; name = AVFoundation.framework; path = System/Library/Frameworks/AVFoundation.framework; sourceTree = SDKROOT; };
		E7F1F48524E2A6F600FECF65 /* SystemConfiguration.framework */ = {isa = PBXFileReference; lastKnownFileType = wrapper.framework; name = SystemConfiguration.framework; path = System/Library/Frameworks/SystemConfiguration.framework; sourceTree = SDKROOT; };
		E7F1F48724E2A6FF00FECF65 /* OpenGLES.framework */ = {isa = PBXFileReference; lastKnownFileType = wrapper.framework; name = OpenGLES.framework; path = System/Library/Frameworks/OpenGLES.framework; sourceTree = SDKROOT; };
		E7F2D444253D867200C38227 /* Reachability.swift */ = {isa = PBXFileReference; lastKnownFileType = sourcecode.swift; path = Reachability.swift; sourceTree = "<group>"; };
		E7F2D448253D8ABD00C38227 /* String.swift */ = {isa = PBXFileReference; lastKnownFileType = sourcecode.swift; path = String.swift; sourceTree = "<group>"; };
		E7F6B97B2544365400224115 /* GoogleService-Info.plist */ = {isa = PBXFileReference; fileEncoding = 4; lastKnownFileType = text.plist.xml; path = "GoogleService-Info.plist"; sourceTree = "<group>"; };
		E7F8E5E324A38A1E00738AB5 /* CardsController.swift */ = {isa = PBXFileReference; lastKnownFileType = sourcecode.swift; path = CardsController.swift; sourceTree = "<group>"; };
/* End PBXFileReference section */

/* Begin PBXFrameworksBuildPhase section */
		E7062D5F250505F4006723EB /* Frameworks */ = {
			isa = PBXFrameworksBuildPhase;
			buildActionMask = 2147483647;
			files = (
			);
			runOnlyForDeploymentPostprocessing = 0;
		};
		E714B24D24705D5000BB3F05 /* Frameworks */ = {
			isa = PBXFrameworksBuildPhase;
			buildActionMask = 2147483647;
			files = (
				05A5311ECFBF18748FB06EE1 /* Pods_CloudCards.framework in Frameworks */,
			);
			runOnlyForDeploymentPostprocessing = 0;
		};
/* End PBXFrameworksBuildPhase section */

/* Begin PBXGroup section */
		13458E93FF022E179DC129BF /* Pods */ = {
			isa = PBXGroup;
			children = (
				9DEEF9B86BD1CBE05383F509 /* Pods-CloudCards.debug.xcconfig */,
				C1F318E78F284D8512BE144D /* Pods-CloudCards.release.xcconfig */,
			);
			path = Pods;
			sourceTree = "<group>";
		};
		76AA010EB081052AF3C39483 /* Frameworks */ = {
			isa = PBXGroup;
			children = (
				E7F1F48724E2A6FF00FECF65 /* OpenGLES.framework */,
				E7F1F48524E2A6F600FECF65 /* SystemConfiguration.framework */,
				E7F1F48324E2A6F000FECF65 /* AVFoundation.framework */,
				E7F1F48124E2A6E500FECF65 /* CoreMedia.framework */,
				E7F1F47F24E2A6DF00FECF65 /* CoreMotion.framework */,
				C9CF9EAA633DECD2CC0612A9 /* Pods_CloudCards.framework */,
			);
			name = Frameworks;
			sourceTree = "<group>";
		};
		E7062D63250505F4006723EB /* Share */ = {
			isa = PBXGroup;
			children = (
				E7062D70250505FA006723EB /* Share.entitlements */,
				E7062D64250505F4006723EB /* ShareViewController.swift */,
				E7062D66250505F4006723EB /* MainInterface.storyboard */,
				E7062D69250505F4006723EB /* Info.plist */,
			);
			path = Share;
			sourceTree = "<group>";
		};
		E714B24724705D5000BB3F05 = {
			isa = PBXGroup;
			children = (
				E7F6B97B2544365400224115 /* GoogleService-Info.plist */,
				E714B25224705D5000BB3F05 /* CloudCards */,
				E7062D63250505F4006723EB /* Share */,
				E714B25124705D5000BB3F05 /* Products */,
				13458E93FF022E179DC129BF /* Pods */,
				76AA010EB081052AF3C39483 /* Frameworks */,
			);
			sourceTree = "<group>";
			usesTabs = 0;
		};
		E714B25124705D5000BB3F05 /* Products */ = {
			isa = PBXGroup;
			children = (
				E714B25024705D5000BB3F05 /* CloudCards.app */,
				E7062D62250505F4006723EB /* Share.appex */,
			);
			name = Products;
			sourceTree = "<group>";
		};
		E714B25224705D5000BB3F05 /* CloudCards */ = {
			isa = PBXGroup;
			children = (
				E77F9AF1252A197800799EC5 /* Constants */,
				E7062D4A24F687F2006723EB /* CloudCards.entitlements */,
				E737940724D0004100440FF4 /* Extensions */,
				E74A484C24715A830004B5B5 /* Utils */,
				E74A484B24715A500004B5B5 /* Controllers */,
				E74A4846247159A10004B5B5 /* Entities */,
				E714B25324705D5000BB3F05 /* AppDelegate.swift */,
				E714B25524705D5000BB3F05 /* SceneDelegate.swift */,
				E714B25B24705D5000BB3F05 /* Main.storyboard */,
				E714B25E24705D5200BB3F05 /* Assets.xcassets */,
				E714B26024705D5200BB3F05 /* LaunchScreen.storyboard */,
				E714B26324705D5200BB3F05 /* Info.plist */,
			);
			path = CloudCards;
			sourceTree = "<group>";
		};
		E737940724D0004100440FF4 /* Extensions */ = {
			isa = PBXGroup;
			children = (
				E737940324CD6DA400440FF4 /* UIColor.swift */,
				E7F2D448253D8ABD00C38227 /* String.swift */,
			);
			path = Extensions;
			sourceTree = "<group>";
		};
		E74A4846247159A10004B5B5 /* Entities */ = {
			isa = PBXGroup;
			children = (
				E74A48422471560C0004B5B5 /* User.swift */,
				E74A4844247158E50004B5B5 /* Card.swift */,
				E74A4847247159B50004B5B5 /* DataItem.swift */,
				E7DA719524C31A19009DD08E /* UserBoolean.swift */,
			);
			path = Entities;
			sourceTree = "<group>";
		};
		E74A484B24715A500004B5B5 /* Controllers */ = {
			isa = PBXGroup;
			children = (
				E714B25924705D5000BB3F05 /* CameraController.swift */,
				E74A484F2471707C0004B5B5 /* ProfileController.swift */,
				E760A26F2482D3D500009919 /* NavigationController.swift */,
				E71D726D24841A3200174B24 /* QRController.swift */,
				E786836A2488E77000844DD4 /* EditProfileController.swift */,
				E7E4E636248BA19C00C6E2A0 /* SelectDataController.swift */,
				E746AC54248BE8B000F611B8 /* SettingsController.swift */,
				E7F8E5E324A38A1E00738AB5 /* CardsController.swift */,
				E737940124C5C73400440FF4 /* TemplatesController.swift */,
				E737940524CFF24000440FF4 /* CardViewController.swift */,
				E7A8275A24D171F00024F414 /* ContactsController.swift */,
			);
			path = Controllers;
			sourceTree = "<group>";
		};
		E74A484C24715A830004B5B5 /* Utils */ = {
			isa = PBXGroup;
			children = (
				E7DDDC1424826BDC00E8F462 /* DataUtils.swift */,
				E734F6F124D3F45A008EC9D9 /* ProgramUtils.swift */,
				E734F6F324D40069008EC9D9 /* TableUtils.swift */,
				E7062D712508C913006723EB /* DatabaseUtils.swift */,
				E71728202526222E00704371 /* JsonUtils.swift */,
				E7F2D444253D867200C38227 /* Reachability.swift */,
			);
			path = Utils;
			sourceTree = "<group>";
		};
		E77F9AF1252A197800799EC5 /* Constants */ = {
			isa = PBXGroup;
			children = (
				E7E00F18252763EB003A7D15 /* ColorConstants.swift */,
				E78B37202528EAA40001C3B9 /* TextConstants.swift */,
				E7EB2858253F0BC20004D4E7 /* FirestoreInstance.swift */,
				E7EB285E253F0FE60004D4E7 /* RealmInstance.swift */,
			);
			path = Constants;
			sourceTree = "<group>";
		};
/* End PBXGroup section */

/* Begin PBXNativeTarget section */
		E7062D61250505F4006723EB /* Share */ = {
			isa = PBXNativeTarget;
			buildConfigurationList = E7062D6D250505F4006723EB /* Build configuration list for PBXNativeTarget "Share" */;
			buildPhases = (
				E7062D5E250505F4006723EB /* Sources */,
				E7062D5F250505F4006723EB /* Frameworks */,
				E7062D60250505F4006723EB /* Resources */,
			);
			buildRules = (
			);
			dependencies = (
			);
			name = Share;
			productName = Share;
			productReference = E7062D62250505F4006723EB /* Share.appex */;
			productType = "com.apple.product-type.app-extension";
		};
		E714B24F24705D5000BB3F05 /* CloudCards */ = {
			isa = PBXNativeTarget;
			buildConfigurationList = E714B26624705D5200BB3F05 /* Build configuration list for PBXNativeTarget "CloudCards" */;
			buildPhases = (
				4AF4F9BA70FD6482E73E6F87 /* [CP] Check Pods Manifest.lock */,
				0DC14A116ADC2E06E8A2CFF6 /* [CP] Prepare Artifacts */,
				E714B24C24705D5000BB3F05 /* Sources */,
				E714B24D24705D5000BB3F05 /* Frameworks */,
				E714B24E24705D5000BB3F05 /* Resources */,
				67FB845EE5EC4666DE5707A6 /* [CP] Embed Pods Frameworks */,
				E7643BD724DD499C00136425 /* Embed App Extensions */,
			);
			buildRules = (
			);
			dependencies = (
				E7062D6B250505F4006723EB /* PBXTargetDependency */,
			);
			name = CloudCards;
			productName = "Alfa-Bank QR";
			productReference = E714B25024705D5000BB3F05 /* CloudCards.app */;
			productType = "com.apple.product-type.application";
		};
/* End PBXNativeTarget section */

/* Begin PBXProject section */
		E714B24824705D5000BB3F05 /* Project object */ = {
			isa = PBXProject;
			attributes = {
				LastSwiftUpdateCheck = 1160;
				LastUpgradeCheck = 1200;
				ORGANIZATIONNAME = "Vladimir Makarov";
				TargetAttributes = {
					E7062D61250505F4006723EB = {
						CreatedOnToolsVersion = 11.6;
					};
					E714B24F24705D5000BB3F05 = {
						CreatedOnToolsVersion = 11.4.1;
					};
				};
			};
			buildConfigurationList = E714B24B24705D5000BB3F05 /* Build configuration list for PBXProject "CloudCards" */;
			compatibilityVersion = "Xcode 9.3";
			developmentRegion = en;
			hasScannedForEncodings = 0;
			knownRegions = (
				en,
				Base,
			);
			mainGroup = E714B24724705D5000BB3F05;
			productRefGroup = E714B25124705D5000BB3F05 /* Products */;
			projectDirPath = "";
			projectRoot = "";
			targets = (
				E714B24F24705D5000BB3F05 /* CloudCards */,
				E7062D61250505F4006723EB /* Share */,
			);
		};
/* End PBXProject section */

/* Begin PBXResourcesBuildPhase section */
		E7062D60250505F4006723EB /* Resources */ = {
			isa = PBXResourcesBuildPhase;
			buildActionMask = 2147483647;
			files = (
				E7062D68250505F4006723EB /* MainInterface.storyboard in Resources */,
			);
			runOnlyForDeploymentPostprocessing = 0;
		};
		E714B24E24705D5000BB3F05 /* Resources */ = {
			isa = PBXResourcesBuildPhase;
			buildActionMask = 2147483647;
			files = (
				E714B26224705D5200BB3F05 /* LaunchScreen.storyboard in Resources */,
				E7F6B97C2544365400224115 /* GoogleService-Info.plist in Resources */,
				E714B25F24705D5200BB3F05 /* Assets.xcassets in Resources */,
				E714B25D24705D5000BB3F05 /* Main.storyboard in Resources */,
			);
			runOnlyForDeploymentPostprocessing = 0;
		};
/* End PBXResourcesBuildPhase section */

/* Begin PBXShellScriptBuildPhase section */
		0DC14A116ADC2E06E8A2CFF6 /* [CP] Prepare Artifacts */ = {
			isa = PBXShellScriptBuildPhase;
			buildActionMask = 2147483647;
			files = (
			);
			inputFileListPaths = (
				"${PODS_ROOT}/Target Support Files/Pods-CloudCards/Pods-CloudCards-artifacts-${CONFIGURATION}-input-files.xcfilelist",
			);
			name = "[CP] Prepare Artifacts";
			outputFileListPaths = (
				"${PODS_ROOT}/Target Support Files/Pods-CloudCards/Pods-CloudCards-artifacts-${CONFIGURATION}-output-files.xcfilelist",
			);
			runOnlyForDeploymentPostprocessing = 0;
			shellPath = /bin/sh;
			shellScript = "\"${PODS_ROOT}/Target Support Files/Pods-CloudCards/Pods-CloudCards-artifacts.sh\"\n";
			showEnvVarsInLog = 0;
		};
		4AF4F9BA70FD6482E73E6F87 /* [CP] Check Pods Manifest.lock */ = {
			isa = PBXShellScriptBuildPhase;
			buildActionMask = 2147483647;
			files = (
			);
			inputFileListPaths = (
			);
			inputPaths = (
				"${PODS_PODFILE_DIR_PATH}/Podfile.lock",
				"${PODS_ROOT}/Manifest.lock",
			);
			name = "[CP] Check Pods Manifest.lock";
			outputFileListPaths = (
			);
			outputPaths = (
				"$(DERIVED_FILE_DIR)/Pods-CloudCards-checkManifestLockResult.txt",
			);
			runOnlyForDeploymentPostprocessing = 0;
			shellPath = /bin/sh;
			shellScript = "diff \"${PODS_PODFILE_DIR_PATH}/Podfile.lock\" \"${PODS_ROOT}/Manifest.lock\" > /dev/null\nif [ $? != 0 ] ; then\n    # print error to STDERR\n    echo \"error: The sandbox is not in sync with the Podfile.lock. Run 'pod install' or update your CocoaPods installation.\" >&2\n    exit 1\nfi\n# This output is used by Xcode 'outputs' to avoid re-running this script phase.\necho \"SUCCESS\" > \"${SCRIPT_OUTPUT_FILE_0}\"\n";
			showEnvVarsInLog = 0;
		};
		67FB845EE5EC4666DE5707A6 /* [CP] Embed Pods Frameworks */ = {
			isa = PBXShellScriptBuildPhase;
			buildActionMask = 2147483647;
			files = (
			);
			inputFileListPaths = (
				"${PODS_ROOT}/Target Support Files/Pods-CloudCards/Pods-CloudCards-frameworks-${CONFIGURATION}-input-files.xcfilelist",
			);
			name = "[CP] Embed Pods Frameworks";
			outputFileListPaths = (
				"${PODS_ROOT}/Target Support Files/Pods-CloudCards/Pods-CloudCards-frameworks-${CONFIGURATION}-output-files.xcfilelist",
			);
			runOnlyForDeploymentPostprocessing = 0;
			shellPath = /bin/sh;
			shellScript = "\"${PODS_ROOT}/Target Support Files/Pods-CloudCards/Pods-CloudCards-frameworks.sh\"\n";
			showEnvVarsInLog = 0;
		};
/* End PBXShellScriptBuildPhase section */

/* Begin PBXSourcesBuildPhase section */
		E7062D5E250505F4006723EB /* Sources */ = {
			isa = PBXSourcesBuildPhase;
			buildActionMask = 2147483647;
			files = (
				E7062D65250505F4006723EB /* ShareViewController.swift in Sources */,
			);
			runOnlyForDeploymentPostprocessing = 0;
		};
		E714B24C24705D5000BB3F05 /* Sources */ = {
			isa = PBXSourcesBuildPhase;
			buildActionMask = 2147483647;
			files = (
				E760A2702482D3D500009919 /* NavigationController.swift in Sources */,
				E71D726E24841A3200174B24 /* QRController.swift in Sources */,
				E7E4E637248BA19C00C6E2A0 /* SelectDataController.swift in Sources */,
				E7F2D449253D8ABD00C38227 /* String.swift in Sources */,
				E737940624CFF24000440FF4 /* CardViewController.swift in Sources */,
				E734F6F424D40069008EC9D9 /* TableUtils.swift in Sources */,
				E71728212526222E00704371 /* JsonUtils.swift in Sources */,
				E714B25A24705D5000BB3F05 /* CameraController.swift in Sources */,
				E74A4848247159B50004B5B5 /* DataItem.swift in Sources */,
				E74A4845247158E50004B5B5 /* Card.swift in Sources */,
				E78B37212528EAA40001C3B9 /* TextConstants.swift in Sources */,
				E74A48502471707C0004B5B5 /* ProfileController.swift in Sources */,
				E7E00F19252763EB003A7D15 /* ColorConstants.swift in Sources */,
				E7F2D445253D867200C38227 /* Reachability.swift in Sources */,
				E7A8275B24D171F00024F414 /* ContactsController.swift in Sources */,
				E7DDDC1524826BDC00E8F462 /* DataUtils.swift in Sources */,
				E7EB285F253F0FE60004D4E7 /* RealmInstance.swift in Sources */,
				E7062D722508C913006723EB /* DatabaseUtils.swift in Sources */,
				E714B25424705D5000BB3F05 /* AppDelegate.swift in Sources */,
				E734F6F224D3F45A008EC9D9 /* ProgramUtils.swift in Sources */,
				E737940224C5C73400440FF4 /* TemplatesController.swift in Sources */,
				E7EB2859253F0BC20004D4E7 /* FirestoreInstance.swift in Sources */,
				E74A48432471560C0004B5B5 /* User.swift in Sources */,
				E7DA719624C31A19009DD08E /* UserBoolean.swift in Sources */,
				E737940424CD6DA400440FF4 /* UIColor.swift in Sources */,
				E786836B2488E77000844DD4 /* EditProfileController.swift in Sources */,
				E714B25624705D5000BB3F05 /* SceneDelegate.swift in Sources */,
				E7F8E5E424A38A1E00738AB5 /* CardsController.swift in Sources */,
				E746AC55248BE8B000F611B8 /* SettingsController.swift in Sources */,
			);
			runOnlyForDeploymentPostprocessing = 0;
		};
/* End PBXSourcesBuildPhase section */

/* Begin PBXTargetDependency section */
		E7062D6B250505F4006723EB /* PBXTargetDependency */ = {
			isa = PBXTargetDependency;
			target = E7062D61250505F4006723EB /* Share */;
			targetProxy = E7062D6A250505F4006723EB /* PBXContainerItemProxy */;
		};
/* End PBXTargetDependency section */

/* Begin PBXVariantGroup section */
		E7062D66250505F4006723EB /* MainInterface.storyboard */ = {
			isa = PBXVariantGroup;
			children = (
				E7062D67250505F4006723EB /* Base */,
			);
			name = MainInterface.storyboard;
			sourceTree = "<group>";
		};
		E714B25B24705D5000BB3F05 /* Main.storyboard */ = {
			isa = PBXVariantGroup;
			children = (
				E714B25C24705D5000BB3F05 /* Base */,
			);
			name = Main.storyboard;
			sourceTree = "<group>";
		};
		E714B26024705D5200BB3F05 /* LaunchScreen.storyboard */ = {
			isa = PBXVariantGroup;
			children = (
				E714B26124705D5200BB3F05 /* Base */,
			);
			name = LaunchScreen.storyboard;
			sourceTree = "<group>";
		};
/* End PBXVariantGroup section */

/* Begin XCBuildConfiguration section */
		E7062D6E250505F4006723EB /* Debug */ = {
			isa = XCBuildConfiguration;
			buildSettings = {
				CODE_SIGN_ENTITLEMENTS = Share/Share.entitlements;
				CODE_SIGN_STYLE = Automatic;
				DEVELOPMENT_TEAM = DQUYF75S8L;
				INFOPLIST_FILE = Share/Info.plist;
				IPHONEOS_DEPLOYMENT_TARGET = 13.0;
				LD_RUNPATH_SEARCH_PATHS = (
					"$(inherited)",
					"@executable_path/Frameworks",
					"@executable_path/../../Frameworks",
				);
				PRODUCT_BUNDLE_IDENTIFIER = urfusoftware.CloudCards.Share;
				PRODUCT_NAME = "$(TARGET_NAME)";
				SKIP_INSTALL = YES;
				SWIFT_VERSION = 5.0;
				TARGETED_DEVICE_FAMILY = 1;
			};
			name = Debug;
		};
		E7062D6F250505F4006723EB /* Release */ = {
			isa = XCBuildConfiguration;
			buildSettings = {
				CODE_SIGN_ENTITLEMENTS = Share/Share.entitlements;
				CODE_SIGN_STYLE = Automatic;
				DEVELOPMENT_TEAM = DQUYF75S8L;
				INFOPLIST_FILE = Share/Info.plist;
				IPHONEOS_DEPLOYMENT_TARGET = 13.0;
				LD_RUNPATH_SEARCH_PATHS = (
					"$(inherited)",
					"@executable_path/Frameworks",
					"@executable_path/../../Frameworks",
				);
				PRODUCT_BUNDLE_IDENTIFIER = urfusoftware.CloudCards.Share;
				PRODUCT_NAME = "$(TARGET_NAME)";
				SKIP_INSTALL = YES;
				SWIFT_VERSION = 5.0;
				TARGETED_DEVICE_FAMILY = 1;
			};
			name = Release;
		};
		E714B26424705D5200BB3F05 /* Debug */ = {
			isa = XCBuildConfiguration;
			buildSettings = {
				ALWAYS_SEARCH_USER_PATHS = NO;
				CLANG_ANALYZER_NONNULL = YES;
				CLANG_ANALYZER_NUMBER_OBJECT_CONVERSION = YES_AGGRESSIVE;
				CLANG_CXX_LANGUAGE_STANDARD = "gnu++14";
				CLANG_CXX_LIBRARY = "libc++";
				CLANG_ENABLE_MODULES = YES;
				CLANG_ENABLE_OBJC_ARC = YES;
				CLANG_ENABLE_OBJC_WEAK = YES;
				CLANG_WARN_BLOCK_CAPTURE_AUTORELEASING = YES;
				CLANG_WARN_BOOL_CONVERSION = YES;
				CLANG_WARN_COMMA = YES;
				CLANG_WARN_CONSTANT_CONVERSION = YES;
				CLANG_WARN_DEPRECATED_OBJC_IMPLEMENTATIONS = YES;
				CLANG_WARN_DIRECT_OBJC_ISA_USAGE = YES_ERROR;
				CLANG_WARN_DOCUMENTATION_COMMENTS = YES;
				CLANG_WARN_EMPTY_BODY = YES;
				CLANG_WARN_ENUM_CONVERSION = YES;
				CLANG_WARN_INFINITE_RECURSION = YES;
				CLANG_WARN_INT_CONVERSION = YES;
				CLANG_WARN_NON_LITERAL_NULL_CONVERSION = YES;
				CLANG_WARN_OBJC_IMPLICIT_RETAIN_SELF = YES;
				CLANG_WARN_OBJC_LITERAL_CONVERSION = YES;
				CLANG_WARN_OBJC_ROOT_CLASS = YES_ERROR;
				CLANG_WARN_QUOTED_INCLUDE_IN_FRAMEWORK_HEADER = YES;
				CLANG_WARN_RANGE_LOOP_ANALYSIS = YES;
				CLANG_WARN_STRICT_PROTOTYPES = YES;
				CLANG_WARN_SUSPICIOUS_MOVE = YES;
				CLANG_WARN_UNGUARDED_AVAILABILITY = YES_AGGRESSIVE;
				CLANG_WARN_UNREACHABLE_CODE = YES;
				CLANG_WARN__DUPLICATE_METHOD_MATCH = YES;
				COPY_PHASE_STRIP = NO;
				DEBUG_INFORMATION_FORMAT = dwarf;
				ENABLE_STRICT_OBJC_MSGSEND = YES;
				ENABLE_TESTABILITY = YES;
				GCC_C_LANGUAGE_STANDARD = gnu11;
				GCC_DYNAMIC_NO_PIC = NO;
				GCC_NO_COMMON_BLOCKS = YES;
				GCC_OPTIMIZATION_LEVEL = 0;
				GCC_PREPROCESSOR_DEFINITIONS = (
					"DEBUG=1",
					"$(inherited)",
				);
				GCC_WARN_64_TO_32_BIT_CONVERSION = YES;
				GCC_WARN_ABOUT_RETURN_TYPE = YES_ERROR;
				GCC_WARN_UNDECLARED_SELECTOR = YES;
				GCC_WARN_UNINITIALIZED_AUTOS = YES_AGGRESSIVE;
				GCC_WARN_UNUSED_FUNCTION = YES;
				GCC_WARN_UNUSED_VARIABLE = YES;
				IPHONEOS_DEPLOYMENT_TARGET = 13.0;
				MTL_ENABLE_DEBUG_INFO = INCLUDE_SOURCE;
				MTL_FAST_MATH = YES;
				ONLY_ACTIVE_ARCH = YES;
				SDKROOT = iphoneos;
				SWIFT_ACTIVE_COMPILATION_CONDITIONS = DEBUG;
				SWIFT_OPTIMIZATION_LEVEL = "-Onone";
			};
			name = Debug;
		};
		E714B26524705D5200BB3F05 /* Release */ = {
			isa = XCBuildConfiguration;
			buildSettings = {
				ALWAYS_SEARCH_USER_PATHS = NO;
				CLANG_ANALYZER_NONNULL = YES;
				CLANG_ANALYZER_NUMBER_OBJECT_CONVERSION = YES_AGGRESSIVE;
				CLANG_CXX_LANGUAGE_STANDARD = "gnu++14";
				CLANG_CXX_LIBRARY = "libc++";
				CLANG_ENABLE_MODULES = YES;
				CLANG_ENABLE_OBJC_ARC = YES;
				CLANG_ENABLE_OBJC_WEAK = YES;
				CLANG_WARN_BLOCK_CAPTURE_AUTORELEASING = YES;
				CLANG_WARN_BOOL_CONVERSION = YES;
				CLANG_WARN_COMMA = YES;
				CLANG_WARN_CONSTANT_CONVERSION = YES;
				CLANG_WARN_DEPRECATED_OBJC_IMPLEMENTATIONS = YES;
				CLANG_WARN_DIRECT_OBJC_ISA_USAGE = YES_ERROR;
				CLANG_WARN_DOCUMENTATION_COMMENTS = YES;
				CLANG_WARN_EMPTY_BODY = YES;
				CLANG_WARN_ENUM_CONVERSION = YES;
				CLANG_WARN_INFINITE_RECURSION = YES;
				CLANG_WARN_INT_CONVERSION = YES;
				CLANG_WARN_NON_LITERAL_NULL_CONVERSION = YES;
				CLANG_WARN_OBJC_IMPLICIT_RETAIN_SELF = YES;
				CLANG_WARN_OBJC_LITERAL_CONVERSION = YES;
				CLANG_WARN_OBJC_ROOT_CLASS = YES_ERROR;
				CLANG_WARN_QUOTED_INCLUDE_IN_FRAMEWORK_HEADER = YES;
				CLANG_WARN_RANGE_LOOP_ANALYSIS = YES;
				CLANG_WARN_STRICT_PROTOTYPES = YES;
				CLANG_WARN_SUSPICIOUS_MOVE = YES;
				CLANG_WARN_UNGUARDED_AVAILABILITY = YES_AGGRESSIVE;
				CLANG_WARN_UNREACHABLE_CODE = YES;
				CLANG_WARN__DUPLICATE_METHOD_MATCH = YES;
				COPY_PHASE_STRIP = NO;
				DEBUG_INFORMATION_FORMAT = "dwarf-with-dsym";
				ENABLE_NS_ASSERTIONS = NO;
				ENABLE_STRICT_OBJC_MSGSEND = YES;
				GCC_C_LANGUAGE_STANDARD = gnu11;
				GCC_NO_COMMON_BLOCKS = YES;
				GCC_WARN_64_TO_32_BIT_CONVERSION = YES;
				GCC_WARN_ABOUT_RETURN_TYPE = YES_ERROR;
				GCC_WARN_UNDECLARED_SELECTOR = YES;
				GCC_WARN_UNINITIALIZED_AUTOS = YES_AGGRESSIVE;
				GCC_WARN_UNUSED_FUNCTION = YES;
				GCC_WARN_UNUSED_VARIABLE = YES;
				IPHONEOS_DEPLOYMENT_TARGET = 13.0;
				MTL_ENABLE_DEBUG_INFO = NO;
				MTL_FAST_MATH = YES;
				SDKROOT = iphoneos;
				SWIFT_COMPILATION_MODE = wholemodule;
				SWIFT_OPTIMIZATION_LEVEL = "-O";
				VALIDATE_PRODUCT = YES;
			};
			name = Release;
		};
		E714B26724705D5200BB3F05 /* Debug */ = {
			isa = XCBuildConfiguration;
			baseConfigurationReference = 9DEEF9B86BD1CBE05383F509 /* Pods-CloudCards.debug.xcconfig */;
			buildSettings = {
				ALWAYS_EMBED_SWIFT_STANDARD_LIBRARIES = YES;
				ASSETCATALOG_COMPILER_APPICON_NAME = AppIcon;
				CODE_SIGN_ENTITLEMENTS = CloudCards/CloudCards.entitlements;
				CODE_SIGN_STYLE = Automatic;
				DEVELOPMENT_TEAM = DQUYF75S8L;
				INFOPLIST_FILE = CloudCards/Info.plist;
				IPHONEOS_DEPLOYMENT_TARGET = 13.0;
				LD_RUNPATH_SEARCH_PATHS = (
					"$(inherited)",
					"@executable_path/Frameworks",
				);
				LIBRARY_SEARCH_PATHS = (
					"$(inherited)",
					"$(PROJECT_DIR)",
				);
				PRODUCT_BUNDLE_IDENTIFIER = urfusoftware.CloudCards;
				PRODUCT_NAME = CloudCards;
				SWIFT_OBJC_BRIDGING_HEADER = "";
				SWIFT_VERSION = 5.0;
				TARGETED_DEVICE_FAMILY = 1;
			};
			name = Debug;
		};
		E714B26824705D5200BB3F05 /* Release */ = {
			isa = XCBuildConfiguration;
			baseConfigurationReference = C1F318E78F284D8512BE144D /* Pods-CloudCards.release.xcconfig */;
			buildSettings = {
				ALWAYS_EMBED_SWIFT_STANDARD_LIBRARIES = YES;
				ASSETCATALOG_COMPILER_APPICON_NAME = AppIcon;
				CODE_SIGN_ENTITLEMENTS = CloudCards/CloudCards.entitlements;
				CODE_SIGN_STYLE = Automatic;
				DEVELOPMENT_TEAM = DQUYF75S8L;
				INFOPLIST_FILE = CloudCards/Info.plist;
				IPHONEOS_DEPLOYMENT_TARGET = 13.0;
				LD_RUNPATH_SEARCH_PATHS = (
					"$(inherited)",
					"@executable_path/Frameworks",
				);
				LIBRARY_SEARCH_PATHS = (
					"$(inherited)",
					"$(PROJECT_DIR)",
				);
				PRODUCT_BUNDLE_IDENTIFIER = urfusoftware.CloudCards;
				PRODUCT_NAME = CloudCards;
				SWIFT_OBJC_BRIDGING_HEADER = "";
				SWIFT_VERSION = 5.0;
				TARGETED_DEVICE_FAMILY = 1;
			};
			name = Release;
		};
/* End XCBuildConfiguration section */

/* Begin XCConfigurationList section */
		E7062D6D250505F4006723EB /* Build configuration list for PBXNativeTarget "Share" */ = {
			isa = XCConfigurationList;
			buildConfigurations = (
				E7062D6E250505F4006723EB /* Debug */,
				E7062D6F250505F4006723EB /* Release */,
			);
			defaultConfigurationIsVisible = 0;
			defaultConfigurationName = Release;
		};
		E714B24B24705D5000BB3F05 /* Build configuration list for PBXProject "CloudCards" */ = {
			isa = XCConfigurationList;
			buildConfigurations = (
				E714B26424705D5200BB3F05 /* Debug */,
				E714B26524705D5200BB3F05 /* Release */,
			);
			defaultConfigurationIsVisible = 0;
			defaultConfigurationName = Release;
		};
		E714B26624705D5200BB3F05 /* Build configuration list for PBXNativeTarget "CloudCards" */ = {
			isa = XCConfigurationList;
			buildConfigurations = (
				E714B26724705D5200BB3F05 /* Debug */,
				E714B26824705D5200BB3F05 /* Release */,
			);
			defaultConfigurationIsVisible = 0;
			defaultConfigurationName = Release;
		};
/* End XCConfigurationList section */
	};
	rootObject = E714B24824705D5000BB3F05 /* Project object */;
}
