// !$*UTF8*$!
{
	archiveVersion = 1;
	classes = {
	};
	objectVersion = 51;
	objects = {

/* Begin PBXBuildFile section */
		D7DDE56D92F410257C6B15AA /* Pods_Alfa_Bank_QR.framework in Frameworks */ = {isa = PBXBuildFile; fileRef = E6DF767A4044C1357ECA4AFC /* Pods_Alfa_Bank_QR.framework */; };
		E70B748824B0C17000C52072 /* GoogleService-Info.plist in Resources */ = {isa = PBXBuildFile; fileRef = E70B748724B0C17000C52072 /* GoogleService-Info.plist */; };
		E714B25424705D5000BB3F05 /* AppDelegate.swift in Sources */ = {isa = PBXBuildFile; fileRef = E714B25324705D5000BB3F05 /* AppDelegate.swift */; };
		E714B25624705D5000BB3F05 /* SceneDelegate.swift in Sources */ = {isa = PBXBuildFile; fileRef = E714B25524705D5000BB3F05 /* SceneDelegate.swift */; };
		E714B25A24705D5000BB3F05 /* CameraController.swift in Sources */ = {isa = PBXBuildFile; fileRef = E714B25924705D5000BB3F05 /* CameraController.swift */; };
		E714B25D24705D5000BB3F05 /* Main.storyboard in Resources */ = {isa = PBXBuildFile; fileRef = E714B25B24705D5000BB3F05 /* Main.storyboard */; };
		E714B25F24705D5200BB3F05 /* Assets.xcassets in Resources */ = {isa = PBXBuildFile; fileRef = E714B25E24705D5200BB3F05 /* Assets.xcassets */; };
		E714B26224705D5200BB3F05 /* LaunchScreen.storyboard in Resources */ = {isa = PBXBuildFile; fileRef = E714B26024705D5200BB3F05 /* LaunchScreen.storyboard */; };
		E71D726E24841A3200174B24 /* QRController.swift in Sources */ = {isa = PBXBuildFile; fileRef = E71D726D24841A3200174B24 /* QRController.swift */; };
		E734F6F224D3F45A008EC9D9 /* ProgramUtils.swift in Sources */ = {isa = PBXBuildFile; fileRef = E734F6F124D3F45A008EC9D9 /* ProgramUtils.swift */; };
		E734F6F424D40069008EC9D9 /* TableUtils.swift in Sources */ = {isa = PBXBuildFile; fileRef = E734F6F324D40069008EC9D9 /* TableUtils.swift */; };
		E737940224C5C73400440FF4 /* TemplatesController.swift in Sources */ = {isa = PBXBuildFile; fileRef = E737940124C5C73400440FF4 /* TemplatesController.swift */; };
		E737940424CD6DA400440FF4 /* UIColor.swift in Sources */ = {isa = PBXBuildFile; fileRef = E737940324CD6DA400440FF4 /* UIColor.swift */; };
		E737940624CFF24000440FF4 /* CardViewController.swift in Sources */ = {isa = PBXBuildFile; fileRef = E737940524CFF24000440FF4 /* CardViewController.swift */; };
		E746AC55248BE8B000F611B8 /* SettingsViewController.swift in Sources */ = {isa = PBXBuildFile; fileRef = E746AC54248BE8B000F611B8 /* SettingsViewController.swift */; };
		E74A48432471560C0004B5B5 /* User.swift in Sources */ = {isa = PBXBuildFile; fileRef = E74A48422471560C0004B5B5 /* User.swift */; };
		E74A4845247158E50004B5B5 /* Card.swift in Sources */ = {isa = PBXBuildFile; fileRef = E74A4844247158E50004B5B5 /* Card.swift */; };
		E74A4848247159B50004B5B5 /* DataItem.swift in Sources */ = {isa = PBXBuildFile; fileRef = E74A4847247159B50004B5B5 /* DataItem.swift */; };
		E74A48502471707C0004B5B5 /* ProfileController.swift in Sources */ = {isa = PBXBuildFile; fileRef = E74A484F2471707C0004B5B5 /* ProfileController.swift */; };
		E760A2702482D3D500009919 /* NavigationController.swift in Sources */ = {isa = PBXBuildFile; fileRef = E760A26F2482D3D500009919 /* NavigationController.swift */; };
		E786836B2488E77000844DD4 /* EditProfileController.swift in Sources */ = {isa = PBXBuildFile; fileRef = E786836A2488E77000844DD4 /* EditProfileController.swift */; };
		E7A8275B24D171F00024F414 /* ContactsController.swift in Sources */ = {isa = PBXBuildFile; fileRef = E7A8275A24D171F00024F414 /* ContactsController.swift */; };
		E7A8275D24D188920024F414 /* BankCard.swift in Sources */ = {isa = PBXBuildFile; fileRef = E7A8275C24D188920024F414 /* BankCard.swift */; };
		E7DA719624C31A19009DD08E /* UserBoolean.swift in Sources */ = {isa = PBXBuildFile; fileRef = E7DA719524C31A19009DD08E /* UserBoolean.swift */; };
		E7DDDC1524826BDC00E8F462 /* DataUtils.swift in Sources */ = {isa = PBXBuildFile; fileRef = E7DDDC1424826BDC00E8F462 /* DataUtils.swift */; };
		E7E4E637248BA19C00C6E2A0 /* SelectDataController.swift in Sources */ = {isa = PBXBuildFile; fileRef = E7E4E636248BA19C00C6E2A0 /* SelectDataController.swift */; };
		E7F8E5E424A38A1E00738AB5 /* CardsController.swift in Sources */ = {isa = PBXBuildFile; fileRef = E7F8E5E324A38A1E00738AB5 /* CardsController.swift */; };
/* End PBXBuildFile section */

/* Begin PBXFileReference section */
		38E25066AE986F47EF7546EB /* Pods-Alfa-Bank QR.debug.xcconfig */ = {isa = PBXFileReference; includeInIndex = 1; lastKnownFileType = text.xcconfig; name = "Pods-Alfa-Bank QR.debug.xcconfig"; path = "Target Support Files/Pods-Alfa-Bank QR/Pods-Alfa-Bank QR.debug.xcconfig"; sourceTree = "<group>"; };
		5CFE60535D2DA245284A13A2 /* Pods-Alfa-Bank QR.release.xcconfig */ = {isa = PBXFileReference; includeInIndex = 1; lastKnownFileType = text.xcconfig; name = "Pods-Alfa-Bank QR.release.xcconfig"; path = "Target Support Files/Pods-Alfa-Bank QR/Pods-Alfa-Bank QR.release.xcconfig"; sourceTree = "<group>"; };
		E6DF767A4044C1357ECA4AFC /* Pods_Alfa_Bank_QR.framework */ = {isa = PBXFileReference; explicitFileType = wrapper.framework; includeInIndex = 0; path = Pods_Alfa_Bank_QR.framework; sourceTree = BUILT_PRODUCTS_DIR; };
		E70B748724B0C17000C52072 /* GoogleService-Info.plist */ = {isa = PBXFileReference; fileEncoding = 4; lastKnownFileType = text.plist.xml; name = "GoogleService-Info.plist"; path = "../../../Downloads/GoogleService-Info.plist"; sourceTree = "<group>"; };
		E714B25024705D5000BB3F05 /* Альфа-Банк QR.app */ = {isa = PBXFileReference; explicitFileType = wrapper.application; includeInIndex = 0; path = "Альфа-Банк QR.app"; sourceTree = BUILT_PRODUCTS_DIR; };
		E714B25324705D5000BB3F05 /* AppDelegate.swift */ = {isa = PBXFileReference; lastKnownFileType = sourcecode.swift; path = AppDelegate.swift; sourceTree = "<group>"; };
		E714B25524705D5000BB3F05 /* SceneDelegate.swift */ = {isa = PBXFileReference; lastKnownFileType = sourcecode.swift; path = SceneDelegate.swift; sourceTree = "<group>"; };
		E714B25924705D5000BB3F05 /* CameraController.swift */ = {isa = PBXFileReference; lastKnownFileType = sourcecode.swift; path = CameraController.swift; sourceTree = "<group>"; };
		E714B25C24705D5000BB3F05 /* Base */ = {isa = PBXFileReference; lastKnownFileType = file.storyboard; name = Base; path = Base.lproj/Main.storyboard; sourceTree = "<group>"; };
		E714B25E24705D5200BB3F05 /* Assets.xcassets */ = {isa = PBXFileReference; lastKnownFileType = folder.assetcatalog; path = Assets.xcassets; sourceTree = "<group>"; };
		E714B26124705D5200BB3F05 /* Base */ = {isa = PBXFileReference; lastKnownFileType = file.storyboard; name = Base; path = Base.lproj/LaunchScreen.storyboard; sourceTree = "<group>"; };
		E714B26324705D5200BB3F05 /* Info.plist */ = {isa = PBXFileReference; lastKnownFileType = text.plist.xml; path = Info.plist; sourceTree = "<group>"; };
		E71D726D24841A3200174B24 /* QRController.swift */ = {isa = PBXFileReference; lastKnownFileType = sourcecode.swift; path = QRController.swift; sourceTree = "<group>"; };
		E734F6F124D3F45A008EC9D9 /* ProgramUtils.swift */ = {isa = PBXFileReference; lastKnownFileType = sourcecode.swift; path = ProgramUtils.swift; sourceTree = "<group>"; };
		E734F6F324D40069008EC9D9 /* TableUtils.swift */ = {isa = PBXFileReference; lastKnownFileType = sourcecode.swift; path = TableUtils.swift; sourceTree = "<group>"; };
		E737940124C5C73400440FF4 /* TemplatesController.swift */ = {isa = PBXFileReference; lastKnownFileType = sourcecode.swift; path = TemplatesController.swift; sourceTree = "<group>"; };
		E737940324CD6DA400440FF4 /* UIColor.swift */ = {isa = PBXFileReference; lastKnownFileType = sourcecode.swift; path = UIColor.swift; sourceTree = "<group>"; };
		E737940524CFF24000440FF4 /* CardViewController.swift */ = {isa = PBXFileReference; lastKnownFileType = sourcecode.swift; path = CardViewController.swift; sourceTree = "<group>"; };
		E746AC54248BE8B000F611B8 /* SettingsViewController.swift */ = {isa = PBXFileReference; lastKnownFileType = sourcecode.swift; path = SettingsViewController.swift; sourceTree = "<group>"; };
		E74A48422471560C0004B5B5 /* User.swift */ = {isa = PBXFileReference; lastKnownFileType = sourcecode.swift; path = User.swift; sourceTree = "<group>"; };
		E74A4844247158E50004B5B5 /* Card.swift */ = {isa = PBXFileReference; lastKnownFileType = sourcecode.swift; path = Card.swift; sourceTree = "<group>"; };
		E74A4847247159B50004B5B5 /* DataItem.swift */ = {isa = PBXFileReference; lastKnownFileType = sourcecode.swift; path = DataItem.swift; sourceTree = "<group>"; };
		E74A484F2471707C0004B5B5 /* ProfileController.swift */ = {isa = PBXFileReference; lastKnownFileType = sourcecode.swift; path = ProfileController.swift; sourceTree = "<group>"; };
		E760A26F2482D3D500009919 /* NavigationController.swift */ = {isa = PBXFileReference; lastKnownFileType = sourcecode.swift; path = NavigationController.swift; sourceTree = "<group>"; };
		E786836A2488E77000844DD4 /* EditProfileController.swift */ = {isa = PBXFileReference; lastKnownFileType = sourcecode.swift; path = EditProfileController.swift; sourceTree = "<group>"; };
		E7A8275A24D171F00024F414 /* ContactsController.swift */ = {isa = PBXFileReference; lastKnownFileType = sourcecode.swift; path = ContactsController.swift; sourceTree = "<group>"; };
		E7A8275C24D188920024F414 /* BankCard.swift */ = {isa = PBXFileReference; lastKnownFileType = sourcecode.swift; path = BankCard.swift; sourceTree = "<group>"; };
		E7DA719524C31A19009DD08E /* UserBoolean.swift */ = {isa = PBXFileReference; lastKnownFileType = sourcecode.swift; path = UserBoolean.swift; sourceTree = "<group>"; };
		E7DDDC1424826BDC00E8F462 /* DataUtils.swift */ = {isa = PBXFileReference; lastKnownFileType = sourcecode.swift; path = DataUtils.swift; sourceTree = "<group>"; };
		E7E4E636248BA19C00C6E2A0 /* SelectDataController.swift */ = {isa = PBXFileReference; lastKnownFileType = sourcecode.swift; path = SelectDataController.swift; sourceTree = "<group>"; };
		E7F8E5E324A38A1E00738AB5 /* CardsController.swift */ = {isa = PBXFileReference; lastKnownFileType = sourcecode.swift; path = CardsController.swift; sourceTree = "<group>"; };
/* End PBXFileReference section */

/* Begin PBXFrameworksBuildPhase section */
		E714B24D24705D5000BB3F05 /* Frameworks */ = {
			isa = PBXFrameworksBuildPhase;
			buildActionMask = 2147483647;
			files = (
				D7DDE56D92F410257C6B15AA /* Pods_Alfa_Bank_QR.framework in Frameworks */,
			);
			runOnlyForDeploymentPostprocessing = 0;
		};
/* End PBXFrameworksBuildPhase section */

/* Begin PBXGroup section */
		13458E93FF022E179DC129BF /* Pods */ = {
			isa = PBXGroup;
			children = (
				38E25066AE986F47EF7546EB /* Pods-Alfa-Bank QR.debug.xcconfig */,
				5CFE60535D2DA245284A13A2 /* Pods-Alfa-Bank QR.release.xcconfig */,
			);
			path = Pods;
			sourceTree = "<group>";
		};
		76AA010EB081052AF3C39483 /* Frameworks */ = {
			isa = PBXGroup;
			children = (
				E6DF767A4044C1357ECA4AFC /* Pods_Alfa_Bank_QR.framework */,
			);
			name = Frameworks;
			sourceTree = "<group>";
		};
		E714B24724705D5000BB3F05 = {
			isa = PBXGroup;
			children = (
				E714B25224705D5000BB3F05 /* Alfa-Bank QR */,
				E714B25124705D5000BB3F05 /* Products */,
				13458E93FF022E179DC129BF /* Pods */,
				76AA010EB081052AF3C39483 /* Frameworks */,
			);
			sourceTree = "<group>";
		};
		E714B25124705D5000BB3F05 /* Products */ = {
			isa = PBXGroup;
			children = (
				E714B25024705D5000BB3F05 /* Альфа-Банк QR.app */,
			);
			name = Products;
			sourceTree = "<group>";
		};
		E714B25224705D5000BB3F05 /* Alfa-Bank QR */ = {
			isa = PBXGroup;
			children = (
				E737940724D0004100440FF4 /* Extensions */,
				E70B748724B0C17000C52072 /* GoogleService-Info.plist */,
				E74A484C24715A830004B5B5 /* Utils */,
				E74A484B24715A500004B5B5 /* Controllers */,
				E74A4846247159A10004B5B5 /* Entities */,
				E714B25324705D5000BB3F05 /* AppDelegate.swift */,
				E714B25524705D5000BB3F05 /* SceneDelegate.swift */,
				E714B25B24705D5000BB3F05 /* Main.storyboard */,
				E714B25E24705D5200BB3F05 /* Assets.xcassets */,
				E714B26024705D5200BB3F05 /* LaunchScreen.storyboard */,
				E714B26324705D5200BB3F05 /* Info.plist */,
			);
			path = "Alfa-Bank QR";
			sourceTree = "<group>";
		};
		E737940724D0004100440FF4 /* Extensions */ = {
			isa = PBXGroup;
			children = (
				E737940324CD6DA400440FF4 /* UIColor.swift */,
			);
			path = Extensions;
			sourceTree = "<group>";
		};
		E74A4846247159A10004B5B5 /* Entities */ = {
			isa = PBXGroup;
			children = (
				E74A48422471560C0004B5B5 /* User.swift */,
				E74A4844247158E50004B5B5 /* Card.swift */,
				E74A4847247159B50004B5B5 /* DataItem.swift */,
				E7DA719524C31A19009DD08E /* UserBoolean.swift */,
				E7A8275C24D188920024F414 /* BankCard.swift */,
			);
			path = Entities;
			sourceTree = "<group>";
		};
		E74A484B24715A500004B5B5 /* Controllers */ = {
			isa = PBXGroup;
			children = (
				E714B25924705D5000BB3F05 /* CameraController.swift */,
				E74A484F2471707C0004B5B5 /* ProfileController.swift */,
				E760A26F2482D3D500009919 /* NavigationController.swift */,
				E71D726D24841A3200174B24 /* QRController.swift */,
				E786836A2488E77000844DD4 /* EditProfileController.swift */,
				E7E4E636248BA19C00C6E2A0 /* SelectDataController.swift */,
				E746AC54248BE8B000F611B8 /* SettingsViewController.swift */,
				E7F8E5E324A38A1E00738AB5 /* CardsController.swift */,
				E737940124C5C73400440FF4 /* TemplatesController.swift */,
				E737940524CFF24000440FF4 /* CardViewController.swift */,
				E7A8275A24D171F00024F414 /* ContactsController.swift */,
			);
			path = Controllers;
			sourceTree = "<group>";
		};
		E74A484C24715A830004B5B5 /* Utils */ = {
			isa = PBXGroup;
			children = (
				E7DDDC1424826BDC00E8F462 /* DataUtils.swift */,
				E734F6F124D3F45A008EC9D9 /* ProgramUtils.swift */,
				E734F6F324D40069008EC9D9 /* TableUtils.swift */,
			);
			path = Utils;
			sourceTree = "<group>";
		};
/* End PBXGroup section */

/* Begin PBXNativeTarget section */
		E714B24F24705D5000BB3F05 /* Alfa-Bank QR */ = {
			isa = PBXNativeTarget;
			buildConfigurationList = E714B26624705D5200BB3F05 /* Build configuration list for PBXNativeTarget "Alfa-Bank QR" */;
			buildPhases = (
				4AF4F9BA70FD6482E73E6F87 /* [CP] Check Pods Manifest.lock */,
				E714B24C24705D5000BB3F05 /* Sources */,
				E714B24D24705D5000BB3F05 /* Frameworks */,
				E714B24E24705D5000BB3F05 /* Resources */,
				67FB845EE5EC4666DE5707A6 /* [CP] Embed Pods Frameworks */,
			);
			buildRules = (
			);
			dependencies = (
			);
			name = "Alfa-Bank QR";
			packageProductDependencies = (
			);
			productName = "Alfa-Bank QR";
			productReference = E714B25024705D5000BB3F05 /* Альфа-Банк QR.app */;
			productType = "com.apple.product-type.application";
		};
/* End PBXNativeTarget section */

/* Begin PBXProject section */
		E714B24824705D5000BB3F05 /* Project object */ = {
			isa = PBXProject;
			attributes = {
				LastSwiftUpdateCheck = 1140;
				LastUpgradeCheck = 1140;
				ORGANIZATIONNAME = "Vladimir Makarov";
				TargetAttributes = {
					E714B24F24705D5000BB3F05 = {
						CreatedOnToolsVersion = 11.4.1;
					};
				};
			};
			buildConfigurationList = E714B24B24705D5000BB3F05 /* Build configuration list for PBXProject "Alfa-Bank QR" */;
			compatibilityVersion = "Xcode 9.3";
			developmentRegion = en;
			hasScannedForEncodings = 0;
			knownRegions = (
				en,
				Base,
			);
			mainGroup = E714B24724705D5000BB3F05;
			packageReferences = (
			);
			productRefGroup = E714B25124705D5000BB3F05 /* Products */;
			projectDirPath = "";
			projectRoot = "";
			targets = (
				E714B24F24705D5000BB3F05 /* Alfa-Bank QR */,
			);
		};
/* End PBXProject section */

/* Begin PBXResourcesBuildPhase section */
		E714B24E24705D5000BB3F05 /* Resources */ = {
			isa = PBXResourcesBuildPhase;
			buildActionMask = 2147483647;
			files = (
				E714B26224705D5200BB3F05 /* LaunchScreen.storyboard in Resources */,
				E70B748824B0C17000C52072 /* GoogleService-Info.plist in Resources */,
				E714B25F24705D5200BB3F05 /* Assets.xcassets in Resources */,
				E714B25D24705D5000BB3F05 /* Main.storyboard in Resources */,
			);
			runOnlyForDeploymentPostprocessing = 0;
		};
/* End PBXResourcesBuildPhase section */

/* Begin PBXShellScriptBuildPhase section */
		4AF4F9BA70FD6482E73E6F87 /* [CP] Check Pods Manifest.lock */ = {
			isa = PBXShellScriptBuildPhase;
			buildActionMask = 2147483647;
			files = (
			);
			inputFileListPaths = (
			);
			inputPaths = (
				"${PODS_PODFILE_DIR_PATH}/Podfile.lock",
				"${PODS_ROOT}/Manifest.lock",
			);
			name = "[CP] Check Pods Manifest.lock";
			outputFileListPaths = (
			);
			outputPaths = (
				"$(DERIVED_FILE_DIR)/Pods-Alfa-Bank QR-checkManifestLockResult.txt",
			);
			runOnlyForDeploymentPostprocessing = 0;
			shellPath = /bin/sh;
			shellScript = "diff \"${PODS_PODFILE_DIR_PATH}/Podfile.lock\" \"${PODS_ROOT}/Manifest.lock\" > /dev/null\nif [ $? != 0 ] ; then\n    # print error to STDERR\n    echo \"error: The sandbox is not in sync with the Podfile.lock. Run 'pod install' or update your CocoaPods installation.\" >&2\n    exit 1\nfi\n# This output is used by Xcode 'outputs' to avoid re-running this script phase.\necho \"SUCCESS\" > \"${SCRIPT_OUTPUT_FILE_0}\"\n";
			showEnvVarsInLog = 0;
		};
		67FB845EE5EC4666DE5707A6 /* [CP] Embed Pods Frameworks */ = {
			isa = PBXShellScriptBuildPhase;
			buildActionMask = 2147483647;
			files = (
			);
			inputFileListPaths = (
				"${PODS_ROOT}/Target Support Files/Pods-Alfa-Bank QR/Pods-Alfa-Bank QR-frameworks-${CONFIGURATION}-input-files.xcfilelist",
			);
			name = "[CP] Embed Pods Frameworks";
			outputFileListPaths = (
				"${PODS_ROOT}/Target Support Files/Pods-Alfa-Bank QR/Pods-Alfa-Bank QR-frameworks-${CONFIGURATION}-output-files.xcfilelist",
			);
			runOnlyForDeploymentPostprocessing = 0;
			shellPath = /bin/sh;
			shellScript = "\"${PODS_ROOT}/Target Support Files/Pods-Alfa-Bank QR/Pods-Alfa-Bank QR-frameworks.sh\"\n";
			showEnvVarsInLog = 0;
		};
/* End PBXShellScriptBuildPhase section */

/* Begin PBXSourcesBuildPhase section */
		E714B24C24705D5000BB3F05 /* Sources */ = {
			isa = PBXSourcesBuildPhase;
			buildActionMask = 2147483647;
			files = (
				E760A2702482D3D500009919 /* NavigationController.swift in Sources */,
				E71D726E24841A3200174B24 /* QRController.swift in Sources */,
				E7E4E637248BA19C00C6E2A0 /* SelectDataController.swift in Sources */,
				E737940624CFF24000440FF4 /* CardViewController.swift in Sources */,
				E734F6F424D40069008EC9D9 /* TableUtils.swift in Sources */,
				E714B25A24705D5000BB3F05 /* CameraController.swift in Sources */,
				E74A4848247159B50004B5B5 /* DataItem.swift in Sources */,
				E74A4845247158E50004B5B5 /* Card.swift in Sources */,
				E7A8275D24D188920024F414 /* BankCard.swift in Sources */,
				E74A48502471707C0004B5B5 /* ProfileController.swift in Sources */,
				E7A8275B24D171F00024F414 /* ContactsController.swift in Sources */,
				E7DDDC1524826BDC00E8F462 /* DataUtils.swift in Sources */,
				E714B25424705D5000BB3F05 /* AppDelegate.swift in Sources */,
				E734F6F224D3F45A008EC9D9 /* ProgramUtils.swift in Sources */,
				E737940224C5C73400440FF4 /* TemplatesController.swift in Sources */,
				E74A48432471560C0004B5B5 /* User.swift in Sources */,
				E7DA719624C31A19009DD08E /* UserBoolean.swift in Sources */,
				E737940424CD6DA400440FF4 /* UIColor.swift in Sources */,
				E786836B2488E77000844DD4 /* EditProfileController.swift in Sources */,
				E714B25624705D5000BB3F05 /* SceneDelegate.swift in Sources */,
				E7F8E5E424A38A1E00738AB5 /* CardsController.swift in Sources */,
				E746AC55248BE8B000F611B8 /* SettingsViewController.swift in Sources */,
			);
			runOnlyForDeploymentPostprocessing = 0;
		};
/* End PBXSourcesBuildPhase section */

/* Begin PBXVariantGroup section */
		E714B25B24705D5000BB3F05 /* Main.storyboard */ = {
			isa = PBXVariantGroup;
			children = (
				E714B25C24705D5000BB3F05 /* Base */,
			);
			name = Main.storyboard;
			sourceTree = "<group>";
		};
		E714B26024705D5200BB3F05 /* LaunchScreen.storyboard */ = {
			isa = PBXVariantGroup;
			children = (
				E714B26124705D5200BB3F05 /* Base */,
			);
			name = LaunchScreen.storyboard;
			sourceTree = "<group>";
		};
/* End PBXVariantGroup section */

/* Begin XCBuildConfiguration section */
		E714B26424705D5200BB3F05 /* Debug */ = {
			isa = XCBuildConfiguration;
			buildSettings = {
				ALWAYS_SEARCH_USER_PATHS = NO;
				CLANG_ANALYZER_NONNULL = YES;
				CLANG_ANALYZER_NUMBER_OBJECT_CONVERSION = YES_AGGRESSIVE;
				CLANG_CXX_LANGUAGE_STANDARD = "gnu++14";
				CLANG_CXX_LIBRARY = "libc++";
				CLANG_ENABLE_MODULES = YES;
				CLANG_ENABLE_OBJC_ARC = YES;
				CLANG_ENABLE_OBJC_WEAK = YES;
				CLANG_WARN_BLOCK_CAPTURE_AUTORELEASING = YES;
				CLANG_WARN_BOOL_CONVERSION = YES;
				CLANG_WARN_COMMA = YES;
				CLANG_WARN_CONSTANT_CONVERSION = YES;
				CLANG_WARN_DEPRECATED_OBJC_IMPLEMENTATIONS = YES;
				CLANG_WARN_DIRECT_OBJC_ISA_USAGE = YES_ERROR;
				CLANG_WARN_DOCUMENTATION_COMMENTS = YES;
				CLANG_WARN_EMPTY_BODY = YES;
				CLANG_WARN_ENUM_CONVERSION = YES;
				CLANG_WARN_INFINITE_RECURSION = YES;
				CLANG_WARN_INT_CONVERSION = YES;
				CLANG_WARN_NON_LITERAL_NULL_CONVERSION = YES;
				CLANG_WARN_OBJC_IMPLICIT_RETAIN_SELF = YES;
				CLANG_WARN_OBJC_LITERAL_CONVERSION = YES;
				CLANG_WARN_OBJC_ROOT_CLASS = YES_ERROR;
				CLANG_WARN_RANGE_LOOP_ANALYSIS = YES;
				CLANG_WARN_STRICT_PROTOTYPES = YES;
				CLANG_WARN_SUSPICIOUS_MOVE = YES;
				CLANG_WARN_UNGUARDED_AVAILABILITY = YES_AGGRESSIVE;
				CLANG_WARN_UNREACHABLE_CODE = YES;
				CLANG_WARN__DUPLICATE_METHOD_MATCH = YES;
				COPY_PHASE_STRIP = NO;
				DEBUG_INFORMATION_FORMAT = dwarf;
				ENABLE_STRICT_OBJC_MSGSEND = YES;
				ENABLE_TESTABILITY = YES;
				GCC_C_LANGUAGE_STANDARD = gnu11;
				GCC_DYNAMIC_NO_PIC = NO;
				GCC_NO_COMMON_BLOCKS = YES;
				GCC_OPTIMIZATION_LEVEL = 0;
				GCC_PREPROCESSOR_DEFINITIONS = (
					"DEBUG=1",
					"$(inherited)",
				);
				GCC_WARN_64_TO_32_BIT_CONVERSION = YES;
				GCC_WARN_ABOUT_RETURN_TYPE = YES_ERROR;
				GCC_WARN_UNDECLARED_SELECTOR = YES;
				GCC_WARN_UNINITIALIZED_AUTOS = YES_AGGRESSIVE;
				GCC_WARN_UNUSED_FUNCTION = YES;
				GCC_WARN_UNUSED_VARIABLE = YES;
				IPHONEOS_DEPLOYMENT_TARGET = 9.0;
				MTL_ENABLE_DEBUG_INFO = INCLUDE_SOURCE;
				MTL_FAST_MATH = YES;
				ONLY_ACTIVE_ARCH = YES;
				SDKROOT = iphoneos;
				SWIFT_ACTIVE_COMPILATION_CONDITIONS = DEBUG;
				SWIFT_OPTIMIZATION_LEVEL = "-Onone";
			};
			name = Debug;
		};
		E714B26524705D5200BB3F05 /* Release */ = {
			isa = XCBuildConfiguration;
			buildSettings = {
				ALWAYS_SEARCH_USER_PATHS = NO;
				CLANG_ANALYZER_NONNULL = YES;
				CLANG_ANALYZER_NUMBER_OBJECT_CONVERSION = YES_AGGRESSIVE;
				CLANG_CXX_LANGUAGE_STANDARD = "gnu++14";
				CLANG_CXX_LIBRARY = "libc++";
				CLANG_ENABLE_MODULES = YES;
				CLANG_ENABLE_OBJC_ARC = YES;
				CLANG_ENABLE_OBJC_WEAK = YES;
				CLANG_WARN_BLOCK_CAPTURE_AUTORELEASING = YES;
				CLANG_WARN_BOOL_CONVERSION = YES;
				CLANG_WARN_COMMA = YES;
				CLANG_WARN_CONSTANT_CONVERSION = YES;
				CLANG_WARN_DEPRECATED_OBJC_IMPLEMENTATIONS = YES;
				CLANG_WARN_DIRECT_OBJC_ISA_USAGE = YES_ERROR;
				CLANG_WARN_DOCUMENTATION_COMMENTS = YES;
				CLANG_WARN_EMPTY_BODY = YES;
				CLANG_WARN_ENUM_CONVERSION = YES;
				CLANG_WARN_INFINITE_RECURSION = YES;
				CLANG_WARN_INT_CONVERSION = YES;
				CLANG_WARN_NON_LITERAL_NULL_CONVERSION = YES;
				CLANG_WARN_OBJC_IMPLICIT_RETAIN_SELF = YES;
				CLANG_WARN_OBJC_LITERAL_CONVERSION = YES;
				CLANG_WARN_OBJC_ROOT_CLASS = YES_ERROR;
				CLANG_WARN_RANGE_LOOP_ANALYSIS = YES;
				CLANG_WARN_STRICT_PROTOTYPES = YES;
				CLANG_WARN_SUSPICIOUS_MOVE = YES;
				CLANG_WARN_UNGUARDED_AVAILABILITY = YES_AGGRESSIVE;
				CLANG_WARN_UNREACHABLE_CODE = YES;
				CLANG_WARN__DUPLICATE_METHOD_MATCH = YES;
				COPY_PHASE_STRIP = NO;
				DEBUG_INFORMATION_FORMAT = "dwarf-with-dsym";
				ENABLE_NS_ASSERTIONS = NO;
				ENABLE_STRICT_OBJC_MSGSEND = YES;
				GCC_C_LANGUAGE_STANDARD = gnu11;
				GCC_NO_COMMON_BLOCKS = YES;
				GCC_WARN_64_TO_32_BIT_CONVERSION = YES;
				GCC_WARN_ABOUT_RETURN_TYPE = YES_ERROR;
				GCC_WARN_UNDECLARED_SELECTOR = YES;
				GCC_WARN_UNINITIALIZED_AUTOS = YES_AGGRESSIVE;
				GCC_WARN_UNUSED_FUNCTION = YES;
				GCC_WARN_UNUSED_VARIABLE = YES;
				IPHONEOS_DEPLOYMENT_TARGET = 9.0;
				MTL_ENABLE_DEBUG_INFO = NO;
				MTL_FAST_MATH = YES;
				SDKROOT = iphoneos;
				SWIFT_COMPILATION_MODE = wholemodule;
				SWIFT_OPTIMIZATION_LEVEL = "-O";
				VALIDATE_PRODUCT = YES;
			};
			name = Release;
		};
		E714B26724705D5200BB3F05 /* Debug */ = {
			isa = XCBuildConfiguration;
			baseConfigurationReference = 38E25066AE986F47EF7546EB /* Pods-Alfa-Bank QR.debug.xcconfig */;
			buildSettings = {
				ASSETCATALOG_COMPILER_APPICON_NAME = AppIcon;
				CODE_SIGN_STYLE = Automatic;
				DEVELOPMENT_TEAM = DQUYF75S8L;
				INFOPLIST_FILE = "Alfa-Bank QR/Info.plist";
				IPHONEOS_DEPLOYMENT_TARGET = 9.0;
				LD_RUNPATH_SEARCH_PATHS = (
					"$(inherited)",
					"@executable_path/Frameworks",
				);
				PRODUCT_BUNDLE_IDENTIFIER = "urfusoftware.Alfa-Bank-QR";
				PRODUCT_NAME = "Альфа-Банк QR";
				SWIFT_VERSION = 5.0;
				TARGETED_DEVICE_FAMILY = 1;
			};
			name = Debug;
		};
		E714B26824705D5200BB3F05 /* Release */ = {
			isa = XCBuildConfiguration;
			baseConfigurationReference = 5CFE60535D2DA245284A13A2 /* Pods-Alfa-Bank QR.release.xcconfig */;
			buildSettings = {
				ASSETCATALOG_COMPILER_APPICON_NAME = AppIcon;
				CODE_SIGN_STYLE = Automatic;
				DEVELOPMENT_TEAM = DQUYF75S8L;
				INFOPLIST_FILE = "Alfa-Bank QR/Info.plist";
				IPHONEOS_DEPLOYMENT_TARGET = 9.0;
				LD_RUNPATH_SEARCH_PATHS = (
					"$(inherited)",
					"@executable_path/Frameworks",
				);
				PRODUCT_BUNDLE_IDENTIFIER = "urfusoftware.Alfa-Bank-QR";
				PRODUCT_NAME = "Альфа-Банк QR";
				SWIFT_VERSION = 5.0;
				TARGETED_DEVICE_FAMILY = 1;
			};
			name = Release;
		};
/* End XCBuildConfiguration section */

/* Begin XCConfigurationList section */
		E714B24B24705D5000BB3F05 /* Build configuration list for PBXProject "Alfa-Bank QR" */ = {
			isa = XCConfigurationList;
			buildConfigurations = (
				E714B26424705D5200BB3F05 /* Debug */,
				E714B26524705D5200BB3F05 /* Release */,
			);
			defaultConfigurationIsVisible = 0;
			defaultConfigurationName = Release;
		};
		E714B26624705D5200BB3F05 /* Build configuration list for PBXNativeTarget "Alfa-Bank QR" */ = {
			isa = XCConfigurationList;
			buildConfigurations = (
				E714B26724705D5200BB3F05 /* Debug */,
				E714B26824705D5200BB3F05 /* Release */,
			);
			defaultConfigurationIsVisible = 0;
			defaultConfigurationName = Release;
		};
/* End XCConfigurationList section */
	};
	rootObject = E714B24824705D5000BB3F05 /* Project object */;
}
